
Microsoft Visual Studio Solution File, Format Version 12.00
# Visual Studio 2013
VisualStudioVersion = 12.0.40629.0
MinimumVisualStudioVersion = 10.0.40219.1
Project("{FAE04EC0-301F-11D3-BF4B-00C04F79EFBC}") = "WebFramework", "WebFramework\WebFramework.csproj", "{ABC7A27F-436C-4B71-875F-58695A579FE4}"
EndProject
Project("{FAE04EC0-301F-11D3-BF4B-00C04F79EFBC}") = "WebFramework.Persistence", "WebFramework.Persistence\WebFramework.Persistence.csproj", "{C5EF36DB-C943-4017-9B6A-448681B7B8AD}"
EndProject
Project("{FAE04EC0-301F-11D3-BF4B-00C04F79EFBC}") = "WebFramework.Models", "WebFramework.Models\WebFramework.Models.csproj", "{356B5041-A636-47E5-999C-B558782B9FBC}"
EndProject
Project("{FAE04EC0-301F-11D3-BF4B-00C04F79EFBC}") = "WebFramework.Tests", "WebFramework.Tests\WebFramework.Tests.csproj", "{D1E966F9-B2C0-45E9-BE5F-2A950DACB240}"
EndProject
Project("{2150E333-8FDC-42A3-9474-1A3956D46DE8}") = "Installer", "Installer", "{7BF731FD-EACC-4FCF-84BB-950B49170403}"
	ProjectSection(SolutionItems) = preProject
		Installer\.bowerrc = Installer\.bowerrc
		Installer\.gitignore = Installer\.gitignore
		Installer\.jshintrc = Installer\.jshintrc
		Installer\.travis.yml = Installer\.travis.yml
		Installer\bower.json = Installer\bower.json
		Installer\karma.conf.js = Installer\karma.conf.js
		Installer\LICENSE = Installer\LICENSE
		Installer\package.json = Installer\package.json
		Installer\README.md = Installer\README.md
	EndProjectSection
EndProject
Global
	GlobalSection(SolutionConfigurationPlatforms) = preSolution
		Debug|Any CPU = Debug|Any CPU
		Dev|Any CPU = Dev|Any CPU
		Release|Any CPU = Release|Any CPU
		Test|Any CPU = Test|Any CPU
	EndGlobalSection
	GlobalSection(ProjectConfigurationPlatforms) = postSolution
		{ABC7A27F-436C-4B71-875F-58695A579FE4}.Debug|Any CPU.ActiveCfg = Debug|Any CPU
		{ABC7A27F-436C-4B71-875F-58695A579FE4}.Debug|Any CPU.Build.0 = Debug|Any CPU
		{ABC7A27F-436C-4B71-875F-58695A579FE4}.Dev|Any CPU.ActiveCfg = Dev|Any CPU
		{ABC7A27F-436C-4B71-875F-58695A579FE4}.Dev|Any CPU.Build.0 = Dev|Any CPU
		{ABC7A27F-436C-4B71-875F-58695A579FE4}.Release|Any CPU.ActiveCfg = Release|Any CPU
		{ABC7A27F-436C-4B71-875F-58695A579FE4}.Release|Any CPU.Build.0 = Release|Any CPU
		{ABC7A27F-436C-4B71-875F-58695A579FE4}.Test|Any CPU.ActiveCfg = Test|Any CPU
		{ABC7A27F-436C-4B71-875F-58695A579FE4}.Test|Any CPU.Build.0 = Test|Any CPU
		{C5EF36DB-C943-4017-9B6A-448681B7B8AD}.Debug|Any CPU.ActiveCfg = Debug|Any CPU
		{C5EF36DB-C943-4017-9B6A-448681B7B8AD}.Debug|Any CPU.Build.0 = Debug|Any CPU
		{C5EF36DB-C943-4017-9B6A-448681B7B8AD}.Dev|Any CPU.ActiveCfg = Dev|Any CPU
		{C5EF36DB-C943-4017-9B6A-448681B7B8AD}.Dev|Any CPU.Build.0 = Dev|Any CPU
		{C5EF36DB-C943-4017-9B6A-448681B7B8AD}.Release|Any CPU.ActiveCfg = Release|Any CPU
		{C5EF36DB-C943-4017-9B6A-448681B7B8AD}.Release|Any CPU.Build.0 = Release|Any CPU
		{C5EF36DB-C943-4017-9B6A-448681B7B8AD}.Test|Any CPU.ActiveCfg = Test|Any CPU
		{C5EF36DB-C943-4017-9B6A-448681B7B8AD}.Test|Any CPU.Build.0 = Test|Any CPU
		{356B5041-A636-47E5-999C-B558782B9FBC}.Debug|Any CPU.ActiveCfg = Debug|Any CPU
		{356B5041-A636-47E5-999C-B558782B9FBC}.Debug|Any CPU.Build.0 = Debug|Any CPU
		{356B5041-A636-47E5-999C-B558782B9FBC}.Dev|Any CPU.ActiveCfg = Dev|Any CPU
		{356B5041-A636-47E5-999C-B558782B9FBC}.Dev|Any CPU.Build.0 = Dev|Any CPU
		{356B5041-A636-47E5-999C-B558782B9FBC}.Release|Any CPU.ActiveCfg = Release|Any CPU
		{356B5041-A636-47E5-999C-B558782B9FBC}.Release|Any CPU.Build.0 = Release|Any CPU
		{356B5041-A636-47E5-999C-B558782B9FBC}.Test|Any CPU.ActiveCfg = Test|Any CPU
		{356B5041-A636-47E5-999C-B558782B9FBC}.Test|Any CPU.Build.0 = Test|Any CPU
		{D1E966F9-B2C0-45E9-BE5F-2A950DACB240}.Debug|Any CPU.ActiveCfg = Debug|Any CPU
		{D1E966F9-B2C0-45E9-BE5F-2A950DACB240}.Debug|Any CPU.Build.0 = Debug|Any CPU
		{D1E966F9-B2C0-45E9-BE5F-2A950DACB240}.Dev|Any CPU.ActiveCfg = Debug|Any CPU
		{D1E966F9-B2C0-45E9-BE5F-2A950DACB240}.Dev|Any CPU.Build.0 = Debug|Any CPU
		{D1E966F9-B2C0-45E9-BE5F-2A950DACB240}.Release|Any CPU.ActiveCfg = Release|Any CPU
		{D1E966F9-B2C0-45E9-BE5F-2A950DACB240}.Release|Any CPU.Build.0 = Release|Any CPU
		{D1E966F9-B2C0-45E9-BE5F-2A950DACB240}.Test|Any CPU.ActiveCfg = Release|Any CPU
		{D1E966F9-B2C0-45E9-BE5F-2A950DACB240}.Test|Any CPU.Build.0 = Release|Any CPU
	EndGlobalSection
	GlobalSection(SolutionProperties) = preSolution
		HideSolutionNode = FALSE
	EndGlobalSection
EndGlobal
